// !$*UTF8*$!
{
	archiveVersion = 1;
	classes = {
	};
	objectVersion = 46;
	objects = {

/* Begin PBXBuildFile section */
		71F673C21BA8A92900DFFD3C /* main.c in Sources */ = {isa = PBXBuildFile; fileRef = 71F673C11BA8A92900DFFD3C /* main.c */; };
/* End PBXBuildFile section */

/* Begin PBXCopyFilesBuildPhase section */
		71F673BC1BA8A92900DFFD3C /* CopyFiles */ = {
			isa = PBXCopyFilesBuildPhase;
			buildActionMask = 2147483647;
			dstPath = /usr/share/man/man1/;
			dstSubfolderSpec = 0;
			files = (
			);
			runOnlyForDeploymentPostprocessing = 1;
		};
/* End PBXCopyFilesBuildPhase section */

/* Begin PBXFileReference section */
		71F673BE1BA8A92900DFFD3C /* MiamiMobileDevs_Wedding */ = {isa = PBXFileReference; explicitFileType = "compiled.mach-o.executable"; includeInIndex = 0; path = MiamiMobileDevs_Wedding; sourceTree = BUILT_PRODUCTS_DIR; };
		71F673C11BA8A92900DFFD3C /* main.c */ = {isa = PBXFileReference; lastKnownFileType = sourcecode.c.c; path = main.c; sourceTree = "<group>"; };
/* End PBXFileReference section */

/* Begin PBXFrameworksBuildPhase section */
		71F673BB1BA8A92900DFFD3C /* Frameworks */ = {
			isa = PBXFrameworksBuildPhase;
			buildActionMask = 2147483647;
			files = (
			);
			runOnlyForDeploymentPostprocessing = 0;
		};
/* End PBXFrameworksBuildPhase section */

/* Begin PBXGroup section */
		71F673B51BA8A92900DFFD3C = {
			isa = PBXGroup;
			children = (
				71F673C01BA8A92900DFFD3C /* MiamiMobileDevs_Wedding */,
				71F673BF1BA8A92900DFFD3C /* Products */,
			);
			sourceTree = "<group>";
		};
		71F673BF1BA8A92900DFFD3C /* Products */ = {
			isa = PBXGroup;
			children = (
				71F673BE1BA8A92900DFFD3C /* MiamiMobileDevs_Wedding */,
			);
			name = Products;
			sourceTree = "<group>";
		};
		71F673C01BA8A92900DFFD3C /* MiamiMobileDevs_Wedding */ = {
			isa = PBXGroup;
			children = (
				71F673C11BA8A92900DFFD3C /* main.c */,
			);
			path = MiamiMobileDevs_Wedding;
			sourceTree = "<group>";
		};
/* End PBXGroup section */

/* Begin PBXNativeTarget section */
		71F673BD1BA8A92900DFFD3C /* MiamiMobileDevs_Wedding */ = {
			isa = PBXNativeTarget;
			buildConfigurationList = 71F673C51BA8A92900DFFD3C /* Build configuration list for PBXNativeTarget "MiamiMobileDevs_Wedding" */;
			buildPhases = (
				71F673BA1BA8A92900DFFD3C /* Sources */,
				71F673BB1BA8A92900DFFD3C /* Frameworks */,
				71F673BC1BA8A92900DFFD3C /* CopyFiles */,
			);
			buildRules = (
			);
			dependencies = (
			);
			name = MiamiMobileDevs_Wedding;
			productName = MiamiMobileDevs_Wedding;
			productReference = 71F673BE1BA8A92900DFFD3C /* MiamiMobileDevs_Wedding */;
			productType = "com.apple.product-type.tool";
		};
/* End PBXNativeTarget section */

/* Begin PBXProject section */
		71F673B61BA8A92900DFFD3C /* Project object */ = {
			isa = PBXProject;
			attributes = {
				LastUpgradeCheck = 0640;
				ORGANIZATIONNAME = "Natacha Galindo";
				TargetAttributes = {
					71F673BD1BA8A92900DFFD3C = {
						CreatedOnToolsVersion = 6.4;
					};
				};
			};
			buildConfigurationList = 71F673B91BA8A92900DFFD3C /* Build configuration list for PBXProject "MiamiMobileDevs_Wedding" */;
			compatibilityVersion = "Xcode 3.2";
			developmentRegion = English;
			hasScannedForEncodings = 0;
			knownRegions = (
				en,
			);
			mainGroup = 71F673B51BA8A92900DFFD3C;
			productRefGroup = 71F673BF1BA8A92900DFFD3C /* Products */;
			projectDirPath = "";
			projectRoot = "";
			targets = (
				71F673BD1BA8A92900DFFD3C /* MiamiMobileDevs_Wedding */,
			);
		};
/* End PBXProject section */

/* Begin PBXSourcesBuildPhase section */
		71F673BA1BA8A92900DFFD3C /* Sources */ = {
			isa = PBXSourcesBuildPhase;
			buildActionMask = 2147483647;
			files = (
				71F673C21BA8A92900DFFD3C /* main.c in Sources */,
			);
			runOnlyForDeploymentPostprocessing = 0;
		};
/* End PBXSourcesBuildPhase section */

/* Begin XCBuildConfiguration section */
		71F673C31BA8A92900DFFD3C /* Debug */ = {
			isa = XCBuildConfiguration;
			buildSettings = {
				ALWAYS_SEARCH_USER_PATHS = NO;
				CLANG_CXX_LANGUAGE_STANDARD = "gnu++0x";
				CLANG_CXX_LIBRARY = "libc++";
				CLANG_ENABLE_MODULES = YES;
				CLANG_ENABLE_OBJC_ARC = YES;
				CLANG_WARN_BOOL_CONVERSION = YES;
				CLANG_WARN_CONSTANT_CONVERSION = YES;
				CLANG_WARN_DIRECT_OBJC_ISA_USAGE = YES_ERROR;
				CLANG_WARN_EMPTY_BODY = YES;
				CLANG_WARN_ENUM_CONVERSION = YES;
				CLANG_WARN_INT_CONVERSION = YES;
				CLANG_WARN_OBJC_ROOT_CLASS = YES_ERROR;
				CLANG_WARN_UNREACHABLE_CODE = YES;
				CLANG_WARN__DUPLICATE_METHOD_MATCH = YES;
				COPY_PHASE_STRIP = NO;
				DEBUG_INFORMATION_FORMAT = dwarf;
				ENABLE_STRICT_OBJC_MSGSEND = YES;
				GCC_C_LANGUAGE_STANDARD = gnu99;
				GCC_DYNAMIC_NO_PIC = NO;
				GCC_NO_COMMON_BLOCKS = YES;
				GCC_OPTIMIZATION_LEVEL = 0;
				GCC_PREPROCESSOR_DEFINITIONS = (
					"DEBUG=1",
					"$(inherited)",
				);
				GCC_SYMBOLS_PRIVATE_EXTERN = NO;
				GCC_WARN_64_TO_32_BIT_CONVERSION = YES;
				GCC_WARN_ABOUT_RETURN_TYPE = YES_ERROR;
				GCC_WARN_UNDECLARED_SELECTOR = YES;
				GCC_WARN_UNINITIALIZED_AUTOS = YES_AGGRESSIVE;
				GCC_WARN_UNUSED_FUNCTION = YES;
				GCC_WARN_UNUSED_VARIABLE = YES;
				MACOSX_DEPLOYMENT_TARGET = 10.10;
				MTL_ENABLE_DEBUG_INFO = YES;
				ONLY_ACTIVE_ARCH = YES;
				SDKROOT = macosx;
			};
			name = Debug;
		};
		71F673C41BA8A92900DFFD3C /* Release */ = {
			isa = XCBuildConfiguration;
			buildSettings = {
				ALWAYS_SEARCH_USER_PATHS = NO;
				CLANG_CXX_LANGUAGE_STANDARD = "gnu++0x";
				CLANG_CXX_LIBRARY = "libc++";
				CLANG_ENABLE_MODULES = YES;
				CLANG_ENABLE_OBJC_ARC = YES;
				CLANG_WARN_BOOL_CONVERSION = YES;
				CLANG_WARN_CONSTANT_CONVERSION = YES;
				CLANG_WARN_DIRECT_OBJC_ISA_USAGE = YES_ERROR;
				CLANG_WARN_EMPTY_BODY = YES;
				CLANG_WARN_ENUM_CONVERSION = YES;
				CLANG_WARN_INT_CONVERSION = YES;
				CLANG_WARN_OBJC_ROOT_CLASS = YES_ERROR;
				CLANG_WARN_UNREACHABLE_CODE = YES;
				CLANG_WARN__DUPLICATE_METHOD_MATCH = YES;
				COPY_PHASE_STRIP = NO;
				DEBUG_INFORMATION_FORMAT = "dwarf-with-dsym";
				ENABLE_NS_ASSERTIONS = NO;
				ENABLE_STRICT_OBJC_MSGSEND = YES;
				GCC_C_LANGUAGE_STANDARD = gnu99;
				GCC_NO_COMMON_BLOCKS = YES;
				GCC_WARN_64_TO_32_BIT_CONVERSION = YES;
				GCC_WARN_ABOUT_RETURN_TYPE = YES_ERROR;
				GCC_WARN_UNDECLARED_SELECTOR = YES;
				GCC_WARN_UNINITIALIZED_AUTOS = YES_AGGRESSIVE;
				GCC_WARN_UNUSED_FUNCTION = YES;
				GCC_WARN_UNUSED_VARIABLE = YES;
				MACOSX_DEPLOYMENT_TARGET = 10.10;
				MTL_ENABLE_DEBUG_INFO = NO;
				SDKROOT = macosx;
			};
			name = Release;
		};
		71F673C61BA8A92900DFFD3C /* Debug */ = {
			isa = XCBuildConfiguration;
			buildSettings = {
				PRODUCT_NAME = "$(TARGET_NAME)";
			};
			name = Debug;
		};
		71F673C71BA8A92900DFFD3C /* Release */ = {
			isa = XCBuildConfiguration;
			buildSettings = {
				PRODUCT_NAME = "$(TARGET_NAME)";
			};
			name = Release;
		};
/* End XCBuildConfiguration section */

/* Begin XCConfigurationList section */
		71F673B91BA8A92900DFFD3C /* Build configuration list for PBXProject "MiamiMobileDevs_Wedding" */ = {
			isa = XCConfigurationList;
			buildConfigurations = (
				71F673C31BA8A92900DFFD3C /* Debug */,
				71F673C41BA8A92900DFFD3C /* Release */,
			);
			defaultConfigurationIsVisible = 0;
			defaultConfigurationName = Release;
		};
		71F673C51BA8A92900DFFD3C /* Build configuration list for PBXNativeTarget "MiamiMobileDevs_Wedding" */ = {
			isa = XCConfigurationList;
			buildConfigurations = (
				71F673C61BA8A92900DFFD3C /* Debug */,
				71F673C71BA8A92900DFFD3C /* Release */,
			);
			defaultConfigurationIsVisible = 0;
		};
/* End XCConfigurationList section */
	};
	rootObject = 71F673B61BA8A92900DFFD3C /* Project object */;
}
